{
  "object": {
    "pins": [
      {
        "package": "FoundationKit",
        "repositoryURL": "https://github.com/pvieito/FoundationKit.git",
        "state": {
          "branch": "master",
          "revision": "a36ee01cb743a0afb64531e9f8456ccceccd9fbe",
          "version": null
        }
      },
      {
        "package": "MoreCodable",
        "repositoryURL": "https://github.com/tattn/MoreCodable.git",
        "state": {
          "branch": "master",
          "revision": "2e1285c369266ff50c04b6f687099dffaafea873",
          "version": null
        }
      },
      {
        "package": "PythonCodable",
        "repositoryURL": "https://github.com/pvieito/PythonCodable.git",
        "state": {
          "branch": "master",
          "revision": "da9054a2fc2fbac946f24945a73900274c3abae7",
          "version": null
        }
      },
      {
        "package": "PythonKit",
        "repositoryURL": "https://github.com/pvieito/PythonKit.git",
        "state": {
          "branch": "master",
          "revision": "c77231820148515a77e9bba5016a57e5a88ef007",
          "version": null
        }
      },
      {
        "package": "swift-argument-parser",
        "repositoryURL": "https://github.com/apple/swift-argument-parser",
        "state": {
          "branch": null,
          "revision": "831ed5e860a70e745bc1337830af4786b2576881",
          "version": "0.4.1"
        }
      }
    ]
  },
  "version": 1
}
